
Microsoft Visual Studio Solution File, Format Version 12.00
# SQL Server Management Studio Version 21
VisualStudioVersion = 17.14.36429.23
MinimumVisualStudioVersion = 10.0.40219.1
Project("{4F2E2C19-372F-40D8-9FA7-9D2138C6997A}") = "DDL", "DDL\DDL.ssmssqlproj", "{934EBEDF-F93F-0D42-36EB-DD028C4675FF}"
EndProject
Project("{4F2E2C19-372F-40D8-9FA7-9D2138C6997A}") = "DML", "DML\DML.ssmssqlproj", "{3F422AFF-1B5B-E7A9-275C-9E182F75EE28}"
EndProject
Global
	GlobalSection(SolutionConfigurationPlatforms) = preSolution
		Default|Default = Default|Default
	EndGlobalSection
	GlobalSection(ProjectConfigurationPlatforms) = postSolution
		{934EBEDF-F93F-0D42-36EB-DD028C4675FF}.Default|Default.ActiveCfg = Default
		{AE69CFC3-D9F3-45D7-8735-B69CF1C0EAD0}.Default|Default.ActiveCfg = Default
		{3F422AFF-1B5B-E7A9-275C-9E182F75EE28}.Default|Default.ActiveCfg = Default
	EndGlobalSection
	GlobalSection(SolutionProperties) = preSolution
		HideSolutionNode = FALSE
	EndGlobalSection
	GlobalSection(ExtensibilityGlobals) = postSolution
		SolutionGuid = {A6F617AA-254A-465F-8279-97C2B7216ADC}
	EndGlobalSection
EndGlobal
